
Microsoft Visual Studio Solution File, Format Version 12.00
# Visual Studio Version 16
VisualStudioVersion = 16.0.32126.315
MinimumVisualStudioVersion = 10.0.40219.1
Project("{FAE04EC0-301F-11D3-BF4B-00C04F79EFBC}") = "Task2.RepeatMethod", "Task2.RepeatMethod\Task2.RepeatMethod.csproj", "{400C4101-8721-4BA1-ABB8-6F54C8DB82BE}"
EndProject
Global
	GlobalSection(SolutionConfigurationPlatforms) = preSolution
		Debug|Any CPU = Debug|Any CPU
		Release|Any CPU = Release|Any CPU
	EndGlobalSection
	GlobalSection(ProjectConfigurationPlatforms) = postSolution
		{400C4101-8721-4BA1-ABB8-6F54C8DB82BE}.Debug|Any CPU.ActiveCfg = Debug|Any CPU
		{400C4101-8721-4BA1-ABB8-6F54C8DB82BE}.Debug|Any CPU.Build.0 = Debug|Any CPU
		{400C4101-8721-4BA1-ABB8-6F54C8DB82BE}.Release|Any CPU.ActiveCfg = Release|Any CPU
		{400C4101-8721-4BA1-ABB8-6F54C8DB82BE}.Release|Any CPU.Build.0 = Release|Any CPU
	EndGlobalSection
	GlobalSection(SolutionProperties) = preSolution
		HideSolutionNode = FALSE
	EndGlobalSection
	GlobalSection(ExtensibilityGlobals) = postSolution
		SolutionGuid = {1AB8739B-BF66-4C0B-8EC7-ECD293F9BBF1}
	EndGlobalSection
EndGlobal
