
Microsoft Visual Studio Solution File, Format Version 12.00
# Visual Studio Version 16
VisualStudioVersion = 16.0.32126.315
MinimumVisualStudioVersion = 10.0.40219.1
Project("{FAE04EC0-301F-11D3-BF4B-00C04F79EFBC}") = "Task3.SumMassiveMethod", "Task3.SumMassiveMethod\Task3.SumMassiveMethod.csproj", "{B5A62B94-9C38-471E-BE52-719F8BC8534D}"
EndProject
Global
	GlobalSection(SolutionConfigurationPlatforms) = preSolution
		Debug|Any CPU = Debug|Any CPU
		Release|Any CPU = Release|Any CPU
	EndGlobalSection
	GlobalSection(ProjectConfigurationPlatforms) = postSolution
		{B5A62B94-9C38-471E-BE52-719F8BC8534D}.Debug|Any CPU.ActiveCfg = Debug|Any CPU
		{B5A62B94-9C38-471E-BE52-719F8BC8534D}.Debug|Any CPU.Build.0 = Debug|Any CPU
		{B5A62B94-9C38-471E-BE52-719F8BC8534D}.Release|Any CPU.ActiveCfg = Release|Any CPU
		{B5A62B94-9C38-471E-BE52-719F8BC8534D}.Release|Any CPU.Build.0 = Release|Any CPU
	EndGlobalSection
	GlobalSection(SolutionProperties) = preSolution
		HideSolutionNode = FALSE
	EndGlobalSection
	GlobalSection(ExtensibilityGlobals) = postSolution
		SolutionGuid = {8708A42F-696C-46CB-B73E-0178DB12ACD0}
	EndGlobalSection
EndGlobal
