
Microsoft Visual Studio Solution File, Format Version 12.00
# Visual Studio Version 16
VisualStudioVersion = 16.0.32126.315
MinimumVisualStudioVersion = 10.0.40219.1
Project("{FAE04EC0-301F-11D3-BF4B-00C04F79EFBC}") = "Task4.Area.Overloading.Method", "Task4.Area.Overloading.Method\Task4.Area.Overloading.Method.csproj", "{D7FEC778-FFC9-4CEA-8A31-B5BA2341FBB1}"
EndProject
Global
	GlobalSection(SolutionConfigurationPlatforms) = preSolution
		Debug|Any CPU = Debug|Any CPU
		Release|Any CPU = Release|Any CPU
	EndGlobalSection
	GlobalSection(ProjectConfigurationPlatforms) = postSolution
		{D7FEC778-FFC9-4CEA-8A31-B5BA2341FBB1}.Debug|Any CPU.ActiveCfg = Debug|Any CPU
		{D7FEC778-FFC9-4CEA-8A31-B5BA2341FBB1}.Debug|Any CPU.Build.0 = Debug|Any CPU
		{D7FEC778-FFC9-4CEA-8A31-B5BA2341FBB1}.Release|Any CPU.ActiveCfg = Release|Any CPU
		{D7FEC778-FFC9-4CEA-8A31-B5BA2341FBB1}.Release|Any CPU.Build.0 = Release|Any CPU
	EndGlobalSection
	GlobalSection(SolutionProperties) = preSolution
		HideSolutionNode = FALSE
	EndGlobalSection
	GlobalSection(ExtensibilityGlobals) = postSolution
		SolutionGuid = {A3047217-BCFF-4160-9FA3-C350766FBCC2}
	EndGlobalSection
EndGlobal
